PODS:
  - DSWaveformImage (6.1.1)
  - JXSegmentedView (1.2.1)

DEPENDENCIES:
  - DSWaveformImage
  - JXSegmentedView

SPEC REPOS:
  trunk:
    - DSWaveformImage
    - JXSegmentedView

SPEC CHECKSUMS:
  DSWaveformImage: 3c718a0cf99291887ee70d1d0c18d80101d3d9ce
  JXSegmentedView: 325e75456e450f0cee94835073652b94316c36bd

PODFILE CHECKSUM: dfae074cc02102a81ca35f98b6f50fcd5af12be5

COCOAPODS: 1.8.4
